// !$*UTF8*$!
{
	archiveVersion = 1;
	classes = {
	};
	objectVersion = 46;
	objects = {

/* Begin PBXBuildFile section */
		276871E51E491DA900A24C1E /* AppDelegate.swift in Sources */ = {isa = PBXBuildFile; fileRef = 276871E41E491DA900A24C1E /* AppDelegate.swift */; };
		276871E71E491DA900A24C1E /* ViewController.swift in Sources */ = {isa = PBXBuildFile; fileRef = 276871E61E491DA900A24C1E /* ViewController.swift */; };
		276871EA1E491DA900A24C1E /* Roul.xcdatamodeld in Sources */ = {isa = PBXBuildFile; fileRef = 276871E81E491DA900A24C1E /* Roul.xcdatamodeld */; };
		276871ED1E491DA900A24C1E /* Main.storyboard in Resources */ = {isa = PBXBuildFile; fileRef = 276871EB1E491DA900A24C1E /* Main.storyboard */; };
		276871EF1E491DA900A24C1E /* Assets.xcassets in Resources */ = {isa = PBXBuildFile; fileRef = 276871EE1E491DA900A24C1E /* Assets.xcassets */; };
		27DDF35E1E4BB5AA0045145C /* Jogador.swift in Sources */ = {isa = PBXBuildFile; fileRef = 27DDF35D1E4BB5AA0045145C /* Jogador.swift */; };
		27DDF3621E4BB97C0045145C /* JogadorStore.swift in Sources */ = {isa = PBXBuildFile; fileRef = 27DDF3611E4BB97C0045145C /* JogadorStore.swift */; };
		646058E71E4ACB7A0001FC44 /* Extension+Dispatch.swift in Sources */ = {isa = PBXBuildFile; fileRef = 646058E61E4ACB7A0001FC44 /* Extension+Dispatch.swift */; };
		64DC402D1E53A47100A41B1F /* JogadoresViewController.swift in Sources */ = {isa = PBXBuildFile; fileRef = 64DC402C1E53A47100A41B1F /* JogadoresViewController.swift */; };
		64DC402F1E54119D00A41B1F /* TimerView.swift in Sources */ = {isa = PBXBuildFile; fileRef = 64DC402E1E54119D00A41B1F /* TimerView.swift */; };
		64E1D6D01E493BFD0009EF99 /* CircleView.swift in Sources */ = {isa = PBXBuildFile; fileRef = 64E1D6CF1E493BFD0009EF99 /* CircleView.swift */; };
		64E1D6D21E493C390009EF99 /* RouletteView.swift in Sources */ = {isa = PBXBuildFile; fileRef = 64E1D6D11E493C390009EF99 /* RouletteView.swift */; };
		64E1D6D41E493C640009EF99 /* Extension+Int.swift in Sources */ = {isa = PBXBuildFile; fileRef = 64E1D6D31E493C640009EF99 /* Extension+Int.swift */; };
		64E1D6D61E49402F0009EF99 /* HomeViewController.swift in Sources */ = {isa = PBXBuildFile; fileRef = 64E1D6D51E49402F0009EF99 /* HomeViewController.swift */; };
		94C09CC41E4CFCB300BF7C7F /* ModalDuelo.swift in Sources */ = {isa = PBXBuildFile; fileRef = 94C09CC31E4CFCB300BF7C7F /* ModalDuelo.swift */; };
		94E1D1E61E54D88100625265 /* ViewJogadores.swift in Sources */ = {isa = PBXBuildFile; fileRef = 94E1D1E51E54D88100625265 /* ViewJogadores.swift */; };
/* End PBXBuildFile section */

/* Begin PBXFileReference section */
		276871E11E491DA900A24C1E /* Roul.app */ = {isa = PBXFileReference; explicitFileType = wrapper.application; includeInIndex = 0; path = Roul.app; sourceTree = BUILT_PRODUCTS_DIR; };
		276871E41E491DA900A24C1E /* AppDelegate.swift */ = {isa = PBXFileReference; lastKnownFileType = sourcecode.swift; path = AppDelegate.swift; sourceTree = "<group>"; };
		276871E61E491DA900A24C1E /* ViewController.swift */ = {isa = PBXFileReference; lastKnownFileType = sourcecode.swift; path = ViewController.swift; sourceTree = "<group>"; };
		276871E91E491DA900A24C1E /* Roul.xcdatamodel */ = {isa = PBXFileReference; lastKnownFileType = wrapper.xcdatamodel; path = Roul.xcdatamodel; sourceTree = "<group>"; };
		276871EC1E491DA900A24C1E /* Base */ = {isa = PBXFileReference; lastKnownFileType = file.storyboard; name = Base; path = Base.lproj/Main.storyboard; sourceTree = "<group>"; };
		276871EE1E491DA900A24C1E /* Assets.xcassets */ = {isa = PBXFileReference; lastKnownFileType = folder.assetcatalog; path = Assets.xcassets; sourceTree = "<group>"; };
		276871F01E491DA900A24C1E /* Info.plist */ = {isa = PBXFileReference; lastKnownFileType = text.plist.xml; path = Info.plist; sourceTree = "<group>"; };
		27DDF35D1E4BB5AA0045145C /* Jogador.swift */ = {isa = PBXFileReference; fileEncoding = 4; lastKnownFileType = sourcecode.swift; path = Jogador.swift; sourceTree = "<group>"; };
		27DDF3611E4BB97C0045145C /* JogadorStore.swift */ = {isa = PBXFileReference; fileEncoding = 4; lastKnownFileType = sourcecode.swift; path = JogadorStore.swift; sourceTree = "<group>"; };
		646058E61E4ACB7A0001FC44 /* Extension+Dispatch.swift */ = {isa = PBXFileReference; fileEncoding = 4; lastKnownFileType = sourcecode.swift; path = "Extension+Dispatch.swift"; sourceTree = "<group>"; };
		64DC402C1E53A47100A41B1F /* JogadoresViewController.swift */ = {isa = PBXFileReference; fileEncoding = 4; lastKnownFileType = sourcecode.swift; path = JogadoresViewController.swift; sourceTree = "<group>"; };
		64DC402E1E54119D00A41B1F /* TimerView.swift */ = {isa = PBXFileReference; fileEncoding = 4; lastKnownFileType = sourcecode.swift; path = TimerView.swift; sourceTree = "<group>"; };
		64E1D6CF1E493BFD0009EF99 /* CircleView.swift */ = {isa = PBXFileReference; fileEncoding = 4; lastKnownFileType = sourcecode.swift; path = CircleView.swift; sourceTree = "<group>"; };
		64E1D6D11E493C390009EF99 /* RouletteView.swift */ = {isa = PBXFileReference; fileEncoding = 4; lastKnownFileType = sourcecode.swift; path = RouletteView.swift; sourceTree = "<group>"; };
		64E1D6D31E493C640009EF99 /* Extension+Int.swift */ = {isa = PBXFileReference; fileEncoding = 4; lastKnownFileType = sourcecode.swift; path = "Extension+Int.swift"; sourceTree = "<group>"; };
		64E1D6D51E49402F0009EF99 /* HomeViewController.swift */ = {isa = PBXFileReference; fileEncoding = 4; lastKnownFileType = sourcecode.swift; path = HomeViewController.swift; sourceTree = "<group>"; };
		94C09CC31E4CFCB300BF7C7F /* ModalDuelo.swift */ = {isa = PBXFileReference; fileEncoding = 4; lastKnownFileType = sourcecode.swift; path = ModalDuelo.swift; sourceTree = "<group>"; };
		94E1D1E51E54D88100625265 /* ViewJogadores.swift */ = {isa = PBXFileReference; fileEncoding = 4; lastKnownFileType = sourcecode.swift; path = ViewJogadores.swift; sourceTree = "<group>"; };
/* End PBXFileReference section */

/* Begin PBXFrameworksBuildPhase section */
		276871DE1E491DA900A24C1E /* Frameworks */ = {
			isa = PBXFrameworksBuildPhase;
			buildActionMask = 2147483647;
			files = (
			);
			runOnlyForDeploymentPostprocessing = 0;
		};
/* End PBXFrameworksBuildPhase section */

/* Begin PBXGroup section */
		276871D81E491DA900A24C1E = {
			isa = PBXGroup;
			children = (
				276871E31E491DA900A24C1E /* Roul */,
				276871E21E491DA900A24C1E /* Products */,
				64C207C61E4EA01800889FCA /* Frameworks */,
			);
			sourceTree = "<group>";
		};
		276871E21E491DA900A24C1E /* Products */ = {
			isa = PBXGroup;
			children = (
				276871E11E491DA900A24C1E /* Roul.app */,
			);
			name = Products;
			sourceTree = "<group>";
		};
		276871E31E491DA900A24C1E /* Roul */ = {
			isa = PBXGroup;
			children = (
				649F7CB01E4A4F4500B9A4B6 /* Util */,
				649F7CAF1E4A4F3300B9A4B6 /* Controller */,
				649F7CAE1E4A4F3000B9A4B6 /* View */,
				649F7CAD1E4A4F2B00B9A4B6 /* Model */,
				276871E41E491DA900A24C1E /* AppDelegate.swift */,
				276871EE1E491DA900A24C1E /* Assets.xcassets */,
				276871F01E491DA900A24C1E /* Info.plist */,
				276871E81E491DA900A24C1E /* Roul.xcdatamodeld */,
			);
			path = Roul;
			sourceTree = "<group>";
		};
		649F7CAD1E4A4F2B00B9A4B6 /* Model */ = {
			isa = PBXGroup;
			children = (
				27DDF35D1E4BB5AA0045145C /* Jogador.swift */,
				27DDF3611E4BB97C0045145C /* JogadorStore.swift */,
			);
			name = Model;
			sourceTree = "<group>";
		};
		649F7CAE1E4A4F3000B9A4B6 /* View */ = {
			isa = PBXGroup;
			children = (
				276871EB1E491DA900A24C1E /* Main.storyboard */,
				64E1D6CF1E493BFD0009EF99 /* CircleView.swift */,
				64E1D6D11E493C390009EF99 /* RouletteView.swift */,
				94C09CC31E4CFCB300BF7C7F /* ModalDuelo.swift */,
				64DC402E1E54119D00A41B1F /* TimerView.swift */,
				94E1D1E51E54D88100625265 /* ViewJogadores.swift */,
			);
			name = View;
			sourceTree = "<group>";
		};
		649F7CAF1E4A4F3300B9A4B6 /* Controller */ = {
			isa = PBXGroup;
			children = (
				276871E61E491DA900A24C1E /* ViewController.swift */,
				64E1D6D51E49402F0009EF99 /* HomeViewController.swift */,
				64DC402C1E53A47100A41B1F /* JogadoresViewController.swift */,
			);
			name = Controller;
			sourceTree = "<group>";
		};
		649F7CB01E4A4F4500B9A4B6 /* Util */ = {
			isa = PBXGroup;
			children = (
				64E1D6D31E493C640009EF99 /* Extension+Int.swift */,
				646058E61E4ACB7A0001FC44 /* Extension+Dispatch.swift */,
			);
			name = Util;
			sourceTree = "<group>";
		};
		64C207C61E4EA01800889FCA /* Frameworks */ = {
			isa = PBXGroup;
			children = (
			);
			name = Frameworks;
			sourceTree = "<group>";
		};
/* End PBXGroup section */

/* Begin PBXNativeTarget section */
		276871E01E491DA900A24C1E /* Roul */ = {
			isa = PBXNativeTarget;
			buildConfigurationList = 276871F31E491DA900A24C1E /* Build configuration list for PBXNativeTarget "Roul" */;
			buildPhases = (
				276871DD1E491DA900A24C1E /* Sources */,
				276871DE1E491DA900A24C1E /* Frameworks */,
				276871DF1E491DA900A24C1E /* Resources */,
			);
			buildRules = (
			);
			dependencies = (
			);
			name = Roul;
			productName = Roul;
			productReference = 276871E11E491DA900A24C1E /* Roul.app */;
			productType = "com.apple.product-type.application";
		};
/* End PBXNativeTarget section */

/* Begin PBXProject section */
		276871D91E491DA900A24C1E /* Project object */ = {
			isa = PBXProject;
			attributes = {
				LastSwiftUpdateCheck = 0820;
				LastUpgradeCheck = 0820;
				ORGANIZATIONNAME = "Jerlilson Bezerra da Silva";
				TargetAttributes = {
					276871E01E491DA900A24C1E = {
						CreatedOnToolsVersion = 8.2.1;
						DevelopmentTeam = N5U92PM62Y;
						ProvisioningStyle = Automatic;
					};
				};
			};
			buildConfigurationList = 276871DC1E491DA900A24C1E /* Build configuration list for PBXProject "Roul" */;
			compatibilityVersion = "Xcode 3.2";
			developmentRegion = English;
			hasScannedForEncodings = 0;
			knownRegions = (
				en,
				Base,
			);
			mainGroup = 276871D81E491DA900A24C1E;
			productRefGroup = 276871E21E491DA900A24C1E /* Products */;
			projectDirPath = "";
			projectRoot = "";
			targets = (
				276871E01E491DA900A24C1E /* Roul */,
			);
		};
/* End PBXProject section */

/* Begin PBXResourcesBuildPhase section */
		276871DF1E491DA900A24C1E /* Resources */ = {
			isa = PBXResourcesBuildPhase;
			buildActionMask = 2147483647;
			files = (
				276871EF1E491DA900A24C1E /* Assets.xcassets in Resources */,
				276871ED1E491DA900A24C1E /* Main.storyboard in Resources */,
			);
			runOnlyForDeploymentPostprocessing = 0;
		};
/* End PBXResourcesBuildPhase section */

/* Begin PBXSourcesBuildPhase section */
		276871DD1E491DA900A24C1E /* Sources */ = {
			isa = PBXSourcesBuildPhase;
			buildActionMask = 2147483647;
			files = (
				64E1D6D41E493C640009EF99 /* Extension+Int.swift in Sources */,
				94E1D1E61E54D88100625265 /* ViewJogadores.swift in Sources */,
				64DC402D1E53A47100A41B1F /* JogadoresViewController.swift in Sources */,
				27DDF35E1E4BB5AA0045145C /* Jogador.swift in Sources */,
				64E1D6D01E493BFD0009EF99 /* CircleView.swift in Sources */,
				276871E71E491DA900A24C1E /* ViewController.swift in Sources */,
				64DC402F1E54119D00A41B1F /* TimerView.swift in Sources */,
				646058E71E4ACB7A0001FC44 /* Extension+Dispatch.swift in Sources */,
				276871E51E491DA900A24C1E /* AppDelegate.swift in Sources */,
				27DDF3621E4BB97C0045145C /* JogadorStore.swift in Sources */,
				64E1D6D21E493C390009EF99 /* RouletteView.swift in Sources */,
				94C09CC41E4CFCB300BF7C7F /* ModalDuelo.swift in Sources */,
				64E1D6D61E49402F0009EF99 /* HomeViewController.swift in Sources */,
				276871EA1E491DA900A24C1E /* Roul.xcdatamodeld in Sources */,
			);
			runOnlyForDeploymentPostprocessing = 0;
		};
/* End PBXSourcesBuildPhase section */

/* Begin PBXVariantGroup section */
		276871EB1E491DA900A24C1E /* Main.storyboard */ = {
			isa = PBXVariantGroup;
			children = (
				276871EC1E491DA900A24C1E /* Base */,
			);
			name = Main.storyboard;
			sourceTree = "<group>";
		};
/* End PBXVariantGroup section */

/* Begin XCBuildConfiguration section */
		276871F11E491DA900A24C1E /* Debug */ = {
			isa = XCBuildConfiguration;
			buildSettings = {
				ALWAYS_SEARCH_USER_PATHS = NO;
				CLANG_ANALYZER_NONNULL = YES;
				CLANG_CXX_LANGUAGE_STANDARD = "gnu++0x";
				CLANG_CXX_LIBRARY = "libc++";
				CLANG_ENABLE_MODULES = YES;
				CLANG_ENABLE_OBJC_ARC = YES;
				CLANG_WARN_BOOL_CONVERSION = YES;
				CLANG_WARN_CONSTANT_CONVERSION = YES;
				CLANG_WARN_DIRECT_OBJC_ISA_USAGE = YES_ERROR;
				CLANG_WARN_DOCUMENTATION_COMMENTS = YES;
				CLANG_WARN_EMPTY_BODY = YES;
				CLANG_WARN_ENUM_CONVERSION = YES;
				CLANG_WARN_INFINITE_RECURSION = YES;
				CLANG_WARN_INT_CONVERSION = YES;
				CLANG_WARN_OBJC_ROOT_CLASS = YES_ERROR;
				CLANG_WARN_SUSPICIOUS_MOVE = YES;
				CLANG_WARN_UNREACHABLE_CODE = YES;
				CLANG_WARN__DUPLICATE_METHOD_MATCH = YES;
				COPY_PHASE_STRIP = NO;
				DEBUG_INFORMATION_FORMAT = dwarf;
				ENABLE_STRICT_OBJC_MSGSEND = YES;
				ENABLE_TESTABILITY = YES;
				GCC_C_LANGUAGE_STANDARD = gnu99;
				GCC_DYNAMIC_NO_PIC = NO;
				GCC_NO_COMMON_BLOCKS = YES;
				GCC_OPTIMIZATION_LEVEL = 0;
				GCC_PREPROCESSOR_DEFINITIONS = (
					"DEBUG=1",
					"$(inherited)",
				);
				GCC_WARN_64_TO_32_BIT_CONVERSION = YES;
				GCC_WARN_ABOUT_RETURN_TYPE = YES_ERROR;
				GCC_WARN_UNDECLARED_SELECTOR = YES;
				GCC_WARN_UNINITIALIZED_AUTOS = YES_AGGRESSIVE;
				GCC_WARN_UNUSED_FUNCTION = YES;
				GCC_WARN_UNUSED_VARIABLE = YES;
				IPHONEOS_DEPLOYMENT_TARGET = 10.2;
				MTL_ENABLE_DEBUG_INFO = YES;
				ONLY_ACTIVE_ARCH = YES;
				SDKROOT = appletvos;
				SWIFT_ACTIVE_COMPILATION_CONDITIONS = DEBUG;
				SWIFT_OPTIMIZATION_LEVEL = "-Onone";
				TARGETED_DEVICE_FAMILY = 3;
				TVOS_DEPLOYMENT_TARGET = 10.1;
			};
			name = Debug;
		};
		276871F21E491DA900A24C1E /* Release */ = {
			isa = XCBuildConfiguration;
			buildSettings = {
				ALWAYS_SEARCH_USER_PATHS = NO;
				CLANG_ANALYZER_NONNULL = YES;
				CLANG_CXX_LANGUAGE_STANDARD = "gnu++0x";
				CLANG_CXX_LIBRARY = "libc++";
				CLANG_ENABLE_MODULES = YES;
				CLANG_ENABLE_OBJC_ARC = YES;
				CLANG_WARN_BOOL_CONVERSION = YES;
				CLANG_WARN_CONSTANT_CONVERSION = YES;
				CLANG_WARN_DIRECT_OBJC_ISA_USAGE = YES_ERROR;
				CLANG_WARN_DOCUMENTATION_COMMENTS = YES;
				CLANG_WARN_EMPTY_BODY = YES;
				CLANG_WARN_ENUM_CONVERSION = YES;
				CLANG_WARN_INFINITE_RECURSION = YES;
				CLANG_WARN_INT_CONVERSION = YES;
				CLANG_WARN_OBJC_ROOT_CLASS = YES_ERROR;
				CLANG_WARN_SUSPICIOUS_MOVE = YES;
				CLANG_WARN_UNREACHABLE_CODE = YES;
				CLANG_WARN__DUPLICATE_METHOD_MATCH = YES;
				COPY_PHASE_STRIP = NO;
				DEBUG_INFORMATION_FORMAT = "dwarf-with-dsym";
				ENABLE_NS_ASSERTIONS = NO;
				ENABLE_STRICT_OBJC_MSGSEND = YES;
				GCC_C_LANGUAGE_STANDARD = gnu99;
				GCC_NO_COMMON_BLOCKS = YES;
				GCC_WARN_64_TO_32_BIT_CONVERSION = YES;
				GCC_WARN_ABOUT_RETURN_TYPE = YES_ERROR;
				GCC_WARN_UNDECLARED_SELECTOR = YES;
				GCC_WARN_UNINITIALIZED_AUTOS = YES_AGGRESSIVE;
				GCC_WARN_UNUSED_FUNCTION = YES;
				GCC_WARN_UNUSED_VARIABLE = YES;
				IPHONEOS_DEPLOYMENT_TARGET = 10.2;
				MTL_ENABLE_DEBUG_INFO = NO;
				SDKROOT = appletvos;
				SWIFT_OPTIMIZATION_LEVEL = "-Owholemodule";
				TARGETED_DEVICE_FAMILY = 3;
				TVOS_DEPLOYMENT_TARGET = 10.1;
				VALIDATE_PRODUCT = YES;
			};
			name = Release;
		};
		276871F41E491DA900A24C1E /* Debug */ = {
			isa = XCBuildConfiguration;
			buildSettings = {
				ASSETCATALOG_COMPILER_APPICON_NAME = "App Icon & Top Shelf Image";
				ASSETCATALOG_COMPILER_LAUNCHIMAGE_NAME = LaunchImage;
				DEVELOPMENT_TEAM = N5U92PM62Y;
				FRAMEWORK_SEARCH_PATHS = (
					"$(inherited)",
					"$(PROJECT_DIR)",
				);
				INFOPLIST_FILE = Roul/Info.plist;
				LD_RUNPATH_SEARCH_PATHS = "$(inherited) @executable_path/Frameworks";
				PRODUCT_BUNDLE_IDENTIFIER = silva.bezerra.Jerlilson.teste.Roul;
				PRODUCT_NAME = "$(TARGET_NAME)";
				SDKROOT = appletvos;
				SWIFT_VERSION = 3.0;
				TVOS_DEPLOYMENT_TARGET = 10.0;
			};
			name = Debug;
		};
		276871F51E491DA900A24C1E /* Release */ = {
			isa = XCBuildConfiguration;
			buildSettings = {
				ASSETCATALOG_COMPILER_APPICON_NAME = "App Icon & Top Shelf Image";
				ASSETCATALOG_COMPILER_LAUNCHIMAGE_NAME = LaunchImage;
				DEVELOPMENT_TEAM = N5U92PM62Y;
				FRAMEWORK_SEARCH_PATHS = (
					"$(inherited)",
					"$(PROJECT_DIR)",
				);
				INFOPLIST_FILE = Roul/Info.plist;
				LD_RUNPATH_SEARCH_PATHS = "$(inherited) @executable_path/Frameworks";
				PRODUCT_BUNDLE_IDENTIFIER = silva.bezerra.Jerlilson.teste.Roul;
				PRODUCT_NAME = "$(TARGET_NAME)";
				SDKROOT = appletvos;
				SWIFT_VERSION = 3.0;
				TVOS_DEPLOYMENT_TARGET = 10.0;
			};
			name = Release;
		};
/* End XCBuildConfiguration section */

/* Begin XCConfigurationList section */
		276871DC1E491DA900A24C1E /* Build configuration list for PBXProject "Roul" */ = {
			isa = XCConfigurationList;
			buildConfigurations = (
				276871F11E491DA900A24C1E /* Debug */,
				276871F21E491DA900A24C1E /* Release */,
			);
			defaultConfigurationIsVisible = 0;
			defaultConfigurationName = Release;
		};
		276871F31E491DA900A24C1E /* Build configuration list for PBXNativeTarget "Roul" */ = {
			isa = XCConfigurationList;
			buildConfigurations = (
				276871F41E491DA900A24C1E /* Debug */,
				276871F51E491DA900A24C1E /* Release */,
			);
			defaultConfigurationIsVisible = 0;
			defaultConfigurationName = Release;
		};
/* End XCConfigurationList section */

/* Begin XCVersionGroup section */
		276871E81E491DA900A24C1E /* Roul.xcdatamodeld */ = {
			isa = XCVersionGroup;
			children = (
				276871E91E491DA900A24C1E /* Roul.xcdatamodel */,
			);
			currentVersion = 276871E91E491DA900A24C1E /* Roul.xcdatamodel */;
			path = Roul.xcdatamodeld;
			sourceTree = "<group>";
			versionGroupType = wrapper.xcdatamodel;
		};
/* End XCVersionGroup section */
	};
	rootObject = 276871D91E491DA900A24C1E /* Project object */;
}
